github.com/golang/crypto v0.0.0-20170317163734-459e26527287/go.mod h1:uZvAcrsnNaCxlh1HorK5dUQHGmEKPh2H/Rl1kehswPo=
github.com/golang/snappy v0.0.0-20170215233205-553a64147049/go.mod h1:/XxbfmMg8lxefKM7IXC3fBNl/7bRcc72aCRzEWrmP2Q=
github.com/syndtr/goleveldb v0.0.0-20170302031910-3c5717caf147/go.mod h1:Z4AUp2Km+PwemOoO/VB5AOx9XSsIItzFjoJlOSiYmn0=
github.com/tv42/base58 v0.0.0-20150113235651-b6649477bfe6/go.mod h1:KGOYHzodW0iGtYUBmxpiwCsP4681YaqD3B/IJlcDgZo=
